
Microsoft Visual Studio Solution File, Format Version 12.00
# Visual Studio Version 17
VisualStudioVersion = 17.12.35707.178 d17.12
MinimumVisualStudioVersion = 10.0.40219.1
Project("{FAE04EC0-301F-11D3-BF4B-00C04F79EFBC}") = "LibraryManagment", "LibraryManagment.csproj", "{CDCA148A-E8B7-462F-8F7D-FBA7F2DCA9F6}"
EndProject
Project("{FAE04EC0-301F-11D3-BF4B-00C04F79EFBC}") = "LibraryManagment_business", "..\LibraryManagment_business\LibraryManagment_business.csproj", "{22E1E628-26AB-4728-855E-E78153F0986E}"
EndProject
Project("{FAE04EC0-301F-11D3-BF4B-00C04F79EFBC}") = "LibraryManagment_Data", "..\LibraryManagment_Data\LibraryManagment_Data.csproj", "{662A9763-BD91-4E5F-9ABE-2281E829C8F4}"
EndProject
Global
	GlobalSection(SolutionConfigurationPlatforms) = preSolution
		Debug|Any CPU = Debug|Any CPU
		Release|Any CPU = Release|Any CPU
	EndGlobalSection
	GlobalSection(ProjectConfigurationPlatforms) = postSolution
		{CDCA148A-E8B7-462F-8F7D-FBA7F2DCA9F6}.Debug|Any CPU.ActiveCfg = Debug|Any CPU
		{CDCA148A-E8B7-462F-8F7D-FBA7F2DCA9F6}.Debug|Any CPU.Build.0 = Debug|Any CPU
		{CDCA148A-E8B7-462F-8F7D-FBA7F2DCA9F6}.Release|Any CPU.ActiveCfg = Release|Any CPU
		{CDCA148A-E8B7-462F-8F7D-FBA7F2DCA9F6}.Release|Any CPU.Build.0 = Release|Any CPU
		{22E1E628-26AB-4728-855E-E78153F0986E}.Debug|Any CPU.ActiveCfg = Debug|Any CPU
		{22E1E628-26AB-4728-855E-E78153F0986E}.Debug|Any CPU.Build.0 = Debug|Any CPU
		{22E1E628-26AB-4728-855E-E78153F0986E}.Release|Any CPU.ActiveCfg = Release|Any CPU
		{22E1E628-26AB-4728-855E-E78153F0986E}.Release|Any CPU.Build.0 = Release|Any CPU
		{662A9763-BD91-4E5F-9ABE-2281E829C8F4}.Debug|Any CPU.ActiveCfg = Debug|Any CPU
		{662A9763-BD91-4E5F-9ABE-2281E829C8F4}.Debug|Any CPU.Build.0 = Debug|Any CPU
		{662A9763-BD91-4E5F-9ABE-2281E829C8F4}.Release|Any CPU.ActiveCfg = Release|Any CPU
		{662A9763-BD91-4E5F-9ABE-2281E829C8F4}.Release|Any CPU.Build.0 = Release|Any CPU
	EndGlobalSection
	GlobalSection(SolutionProperties) = preSolution
		HideSolutionNode = FALSE
	EndGlobalSection
EndGlobal
